{
  "name": "giveasheet",
  "lockfileVersion": 2,
  "requires": true,
  "packages": {
    "": {
      "dependencies": {
        "esbuild": "^0.11.22"
      }
    },
    "node_modules/esbuild": {
      "version": "0.11.22",
      "resolved": "https://registry.npmjs.org/esbuild/-/esbuild-0.11.22.tgz",
      "integrity": "sha512-1e6BDytHzTxRlUOCe7M0+ZV5JqKARByHwz1iP5UNmxt2TEOyI8E/1gLLNCyaPjpXfCr1TThxTyFO9MjF5mFLvA==",
      "hasInstallScript": true,
      "bin": {
        "esbuild": "bin/esbuild"
      }
    }
  },
  "dependencies": {
    "esbuild": {
      "version": "0.11.22",
      "resolved": "https://registry.npmjs.org/esbuild/-/esbuild-0.11.22.tgz",
      "integrity": "sha512-1e6BDytHzTxRlUOCe7M0+ZV5JqKARByHwz1iP5UNmxt2TEOyI8E/1gLLNCyaPjpXfCr1TThxTyFO9MjF5mFLvA=="
    }
  }
}
